
Microsoft Visual Studio Solution File, Format Version 12.00
# Visual Studio Version 16
VisualStudioVersion = 16.0.31129.286
MinimumVisualStudioVersion = 10.0.40219.1
Project("{2150E333-8FDC-42A3-9474-1A3956D46DE8}") = "Services", "Services", "{D6B12DFE-0E72-437F-90C1-33B7D28777F3}"
EndProject
Project("{2150E333-8FDC-42A3-9474-1A3956D46DE8}") = "WebApps", "WebApps", "{9C2EE96C-0BFA-4D51-A45A-ABBD919F3B0A}"
EndProject
Project("{2150E333-8FDC-42A3-9474-1A3956D46DE8}") = "Cadastros", "Cadastros", "{45F81ACE-D196-4B61-8989-902C3418E2A7}"
EndProject
Project("{2150E333-8FDC-42A3-9474-1A3956D46DE8}") = "Catalogo", "Catalogo", "{A9002D34-22CD-4876-93B0-8DD42376315C}"
EndProject
Project("{2150E333-8FDC-42A3-9474-1A3956D46DE8}") = "Core", "Core", "{2D29985B-3D3F-4B2A-A31E-05EDEECBA413}"
EndProject
Project("{2150E333-8FDC-42A3-9474-1A3956D46DE8}") = "Fiscal", "Fiscal", "{1434C9C8-62F4-4530-8F99-2F0025005F54}"
EndProject
Project("{2150E333-8FDC-42A3-9474-1A3956D46DE8}") = "Pagamentos", "Pagamentos", "{C90F19EE-9C1E-4E5A-A23F-163085C9E85A}"
EndProject
Project("{2150E333-8FDC-42A3-9474-1A3956D46DE8}") = "Vendas", "Vendas", "{8E05F49F-47E3-4AFC-AE18-BA13021F8871}"
EndProject
Project("{9A19103F-16F7-4668-BE54-9A1E7A4F7556}") = "NerdStore.Catalogo.Domain", "src\NerdStore.Catalogo.Domain\NerdStore.Catalogo.Domain.csproj", "{1A202163-F18A-4D6B-8820-01418314F110}"
EndProject
Project("{9A19103F-16F7-4668-BE54-9A1E7A4F7556}") = "NerdStore.Core", "src\NerdStore.Core\NerdStore.Core.csproj", "{7F07661E-F528-4D5B-9D9C-5FEB758A6B4B}"
EndProject
Project("{2150E333-8FDC-42A3-9474-1A3956D46DE8}") = "Tests", "Tests", "{4A340856-F5D2-4F7B-AD42-8CE86FF3B11D}"
EndProject
Project("{9A19103F-16F7-4668-BE54-9A1E7A4F7556}") = "NerdStore.Catalogo.Domain.Tests", "tests\NerdStore.Catalogo.Domain.Tests\NerdStore.Catalogo.Domain.Tests.csproj", "{E67B921B-4C6E-4318-BAFD-3ECA53AA8B8C}"
EndProject
Project("{9A19103F-16F7-4668-BE54-9A1E7A4F7556}") = "NerdStore.Catalogo.Data", "src\NerdStore.Catalogo.Data\NerdStore.Catalogo.Data.csproj", "{9772A7D0-D944-4BB1-8F4C-F18FB584050D}"
EndProject
Project("{9A19103F-16F7-4668-BE54-9A1E7A4F7556}") = "NerdStore.Catalogo.Application", "src\NerdStore.Catalogo.Application\NerdStore.Catalogo.Application.csproj", "{21C5E61B-6905-4B14-BA51-AACF6C07928A}"
EndProject
Project("{FAE04EC0-301F-11D3-BF4B-00C04F79EFBC}") = "NerdStore.WebApp.MVC", "src\NerdStore.WebApp.MVC\NerdStore.WebApp.MVC.csproj", "{9A997DF3-8C32-45FA-9BE9-7FDFA2CA557E}"
EndProject
Global
	GlobalSection(SolutionConfigurationPlatforms) = preSolution
		Debug|Any CPU = Debug|Any CPU
		Release|Any CPU = Release|Any CPU
	EndGlobalSection
	GlobalSection(ProjectConfigurationPlatforms) = postSolution
		{1A202163-F18A-4D6B-8820-01418314F110}.Debug|Any CPU.ActiveCfg = Debug|Any CPU
		{1A202163-F18A-4D6B-8820-01418314F110}.Debug|Any CPU.Build.0 = Debug|Any CPU
		{1A202163-F18A-4D6B-8820-01418314F110}.Release|Any CPU.ActiveCfg = Release|Any CPU
		{1A202163-F18A-4D6B-8820-01418314F110}.Release|Any CPU.Build.0 = Release|Any CPU
		{7F07661E-F528-4D5B-9D9C-5FEB758A6B4B}.Debug|Any CPU.ActiveCfg = Debug|Any CPU
		{7F07661E-F528-4D5B-9D9C-5FEB758A6B4B}.Debug|Any CPU.Build.0 = Debug|Any CPU
		{7F07661E-F528-4D5B-9D9C-5FEB758A6B4B}.Release|Any CPU.ActiveCfg = Release|Any CPU
		{7F07661E-F528-4D5B-9D9C-5FEB758A6B4B}.Release|Any CPU.Build.0 = Release|Any CPU
		{E67B921B-4C6E-4318-BAFD-3ECA53AA8B8C}.Debug|Any CPU.ActiveCfg = Debug|Any CPU
		{E67B921B-4C6E-4318-BAFD-3ECA53AA8B8C}.Debug|Any CPU.Build.0 = Debug|Any CPU
		{E67B921B-4C6E-4318-BAFD-3ECA53AA8B8C}.Release|Any CPU.ActiveCfg = Release|Any CPU
		{E67B921B-4C6E-4318-BAFD-3ECA53AA8B8C}.Release|Any CPU.Build.0 = Release|Any CPU
		{9772A7D0-D944-4BB1-8F4C-F18FB584050D}.Debug|Any CPU.ActiveCfg = Debug|Any CPU
		{9772A7D0-D944-4BB1-8F4C-F18FB584050D}.Debug|Any CPU.Build.0 = Debug|Any CPU
		{9772A7D0-D944-4BB1-8F4C-F18FB584050D}.Release|Any CPU.ActiveCfg = Release|Any CPU
		{9772A7D0-D944-4BB1-8F4C-F18FB584050D}.Release|Any CPU.Build.0 = Release|Any CPU
		{21C5E61B-6905-4B14-BA51-AACF6C07928A}.Debug|Any CPU.ActiveCfg = Debug|Any CPU
		{21C5E61B-6905-4B14-BA51-AACF6C07928A}.Debug|Any CPU.Build.0 = Debug|Any CPU
		{21C5E61B-6905-4B14-BA51-AACF6C07928A}.Release|Any CPU.ActiveCfg = Release|Any CPU
		{21C5E61B-6905-4B14-BA51-AACF6C07928A}.Release|Any CPU.Build.0 = Release|Any CPU
		{9A997DF3-8C32-45FA-9BE9-7FDFA2CA557E}.Debug|Any CPU.ActiveCfg = Debug|Any CPU
		{9A997DF3-8C32-45FA-9BE9-7FDFA2CA557E}.Debug|Any CPU.Build.0 = Debug|Any CPU
		{9A997DF3-8C32-45FA-9BE9-7FDFA2CA557E}.Release|Any CPU.ActiveCfg = Release|Any CPU
		{9A997DF3-8C32-45FA-9BE9-7FDFA2CA557E}.Release|Any CPU.Build.0 = Release|Any CPU
	EndGlobalSection
	GlobalSection(SolutionProperties) = preSolution
		HideSolutionNode = FALSE
	EndGlobalSection
	GlobalSection(NestedProjects) = preSolution
		{45F81ACE-D196-4B61-8989-902C3418E2A7} = {D6B12DFE-0E72-437F-90C1-33B7D28777F3}
		{A9002D34-22CD-4876-93B0-8DD42376315C} = {D6B12DFE-0E72-437F-90C1-33B7D28777F3}
		{2D29985B-3D3F-4B2A-A31E-05EDEECBA413} = {D6B12DFE-0E72-437F-90C1-33B7D28777F3}
		{1434C9C8-62F4-4530-8F99-2F0025005F54} = {D6B12DFE-0E72-437F-90C1-33B7D28777F3}
		{C90F19EE-9C1E-4E5A-A23F-163085C9E85A} = {D6B12DFE-0E72-437F-90C1-33B7D28777F3}
		{8E05F49F-47E3-4AFC-AE18-BA13021F8871} = {D6B12DFE-0E72-437F-90C1-33B7D28777F3}
		{1A202163-F18A-4D6B-8820-01418314F110} = {A9002D34-22CD-4876-93B0-8DD42376315C}
		{7F07661E-F528-4D5B-9D9C-5FEB758A6B4B} = {2D29985B-3D3F-4B2A-A31E-05EDEECBA413}
		{4A340856-F5D2-4F7B-AD42-8CE86FF3B11D} = {A9002D34-22CD-4876-93B0-8DD42376315C}
		{E67B921B-4C6E-4318-BAFD-3ECA53AA8B8C} = {4A340856-F5D2-4F7B-AD42-8CE86FF3B11D}
		{9772A7D0-D944-4BB1-8F4C-F18FB584050D} = {A9002D34-22CD-4876-93B0-8DD42376315C}
		{21C5E61B-6905-4B14-BA51-AACF6C07928A} = {A9002D34-22CD-4876-93B0-8DD42376315C}
		{9A997DF3-8C32-45FA-9BE9-7FDFA2CA557E} = {9C2EE96C-0BFA-4D51-A45A-ABBD919F3B0A}
	EndGlobalSection
	GlobalSection(ExtensibilityGlobals) = postSolution
		SolutionGuid = {EB3BFF43-FE83-4C88-A3B1-913E3006B452}
	EndGlobalSection
EndGlobal
